PODS:
  - Fabric (1.5.1):
    - Fabric/Base (= 1.5.1)
  - Fabric/Base (1.5.1)
  - TwitterCore (1.11.1)
  - TwitterKit (1.11.1)

DEPENDENCIES:
  - Fabric
  - TwitterCore
  - TwitterKit

SPEC CHECKSUMS:
  Fabric: 03c3b3fe77e11a2bc31421b989a9c7adaa4779a5
  TwitterCore: 9ec69df7571207044b1a2f57ae2c87fe73348ac5
  TwitterKit: bce9f0eac1e186caab5aa570d64d82c5cb9089be

COCOAPODS: 0.38.2
